
Microsoft Visual Studio Solution File, Format Version 12.00
# Visual Studio Version 16
VisualStudioVersion = 16.0.29503.13
MinimumVisualStudioVersion = 10.0.40219.1
Project("{FAE04EC0-301F-11D3-BF4B-00C04F79EFBC}") = "2048", "2048\2048.csproj", "{4D23008C-63E5-4798-940B-527D4DF36F92}"
EndProject
Global
	GlobalSection(SolutionConfigurationPlatforms) = preSolution
		Debug|Any CPU = Debug|Any CPU
		Release|Any CPU = Release|Any CPU
	EndGlobalSection
	GlobalSection(ProjectConfigurationPlatforms) = postSolution
		{4D23008C-63E5-4798-940B-527D4DF36F92}.Debug|Any CPU.ActiveCfg = Debug|Any CPU
		{4D23008C-63E5-4798-940B-527D4DF36F92}.Debug|Any CPU.Build.0 = Debug|Any CPU
		{4D23008C-63E5-4798-940B-527D4DF36F92}.Release|Any CPU.ActiveCfg = Release|Any CPU
		{4D23008C-63E5-4798-940B-527D4DF36F92}.Release|Any CPU.Build.0 = Release|Any CPU
	EndGlobalSection
	GlobalSection(SolutionProperties) = preSolution
		HideSolutionNode = FALSE
	EndGlobalSection
	GlobalSection(ExtensibilityGlobals) = postSolution
		SolutionGuid = {C6D8C65A-7D55-47E7-94BD-6504825C315A}
	EndGlobalSection
EndGlobal
